
Microsoft Visual Studio Solution File, Format Version 12.00
# Visual Studio Version 17
VisualStudioVersion = 17.11.35327.3
MinimumVisualStudioVersion = 10.0.40219.1
Project("{9A19103F-16F7-4668-BE54-9A1E7A4F7556}") = "CadastroLivros", "CadastroLivros\CadastroLivros.csproj", "{06ACBF55-60EA-47F7-B835-32657919EBC5}"
EndProject
Project("{FAE04EC0-301F-11D3-BF4B-00C04F79EFBC}") = "CadastroLivros.Test", "CadastroLivros.Test\CadastroLivros.Test.csproj", "{3F39437E-9810-4D98-8802-6951E9C15B51}"
EndProject
Global
	GlobalSection(SolutionConfigurationPlatforms) = preSolution
		Debug|Any CPU = Debug|Any CPU
		Release|Any CPU = Release|Any CPU
	EndGlobalSection
	GlobalSection(ProjectConfigurationPlatforms) = postSolution
		{06ACBF55-60EA-47F7-B835-32657919EBC5}.Debug|Any CPU.ActiveCfg = Debug|Any CPU
		{06ACBF55-60EA-47F7-B835-32657919EBC5}.Debug|Any CPU.Build.0 = Debug|Any CPU
		{06ACBF55-60EA-47F7-B835-32657919EBC5}.Release|Any CPU.ActiveCfg = Release|Any CPU
		{06ACBF55-60EA-47F7-B835-32657919EBC5}.Release|Any CPU.Build.0 = Release|Any CPU
		{3F39437E-9810-4D98-8802-6951E9C15B51}.Debug|Any CPU.ActiveCfg = Debug|Any CPU
		{3F39437E-9810-4D98-8802-6951E9C15B51}.Debug|Any CPU.Build.0 = Debug|Any CPU
		{3F39437E-9810-4D98-8802-6951E9C15B51}.Release|Any CPU.ActiveCfg = Release|Any CPU
		{3F39437E-9810-4D98-8802-6951E9C15B51}.Release|Any CPU.Build.0 = Release|Any CPU
	EndGlobalSection
	GlobalSection(SolutionProperties) = preSolution
		HideSolutionNode = FALSE
	EndGlobalSection
	GlobalSection(ExtensibilityGlobals) = postSolution
		SolutionGuid = {057522EF-FE0C-4460-884F-9B1043716A7F}
	EndGlobalSection
EndGlobal
